
Microsoft Visual Studio Solution File, Format Version 12.00
# Visual Studio Version 17
VisualStudioVersion = 17.0.31903.59
MinimumVisualStudioVersion = 10.0.40219.1
Project("{2150E333-8FDC-42A3-9474-1A3956D46DE8}") = "src", "src", "{827E0CD3-B72D-47B6-A68D-7590B98EB39B}"
EndProject
Project("{FAE04EC0-301F-11D3-BF4B-00C04F79EFBC}") = "AT2Soft.RAGEngine.Domain", "src\AT2Soft.RAGEngine.Domain\AT2Soft.RAGEngine.Domain.csproj", "{BDCBEE5C-C4C2-4408-9132-F53672453451}"
EndProject
Project("{FAE04EC0-301F-11D3-BF4B-00C04F79EFBC}") = "AT2Soft.RAGEngine.WebAPI", "src\AT2Soft.RAGEngine.WebAPI\AT2Soft.RAGEngine.WebAPI.csproj", "{7C00EF75-5307-4146-820A-4EDD608CDA45}"
EndProject
Project("{FAE04EC0-301F-11D3-BF4B-00C04F79EFBC}") = "AT2Soft.RAGEngine.WebAPI.Abstractions", "src\AT2Soft.RAGEngine.WebAPI.Abstractions\AT2Soft.RAGEngine.WebAPI.Abstractions.csproj", "{0B6718F7-163F-437A-8106-022F996FEB87}"
EndProject
Project("{FAE04EC0-301F-11D3-BF4B-00C04F79EFBC}") = "AT2Soft.RAGEngine.Infrastructure", "src\AT2Soft.RAGEngine.Infrastructure\AT2Soft.RAGEngine.Infrastructure.csproj", "{ADACB769-9A84-4029-87F7-7E261B2CC0A8}"
EndProject
Project("{FAE04EC0-301F-11D3-BF4B-00C04F79EFBC}") = "AT2Soft.RAGEngine.Application", "src\AT2Soft.RAGEngine.Application\AT2Soft.RAGEngine.Application.csproj", "{2F0D974A-4423-4982-9B45-B3F2E7365408}"
EndProject
Project("{FAE04EC0-301F-11D3-BF4B-00C04F79EFBC}") = "AT2Soft.RAGEngine.Infrastructure.Persistence", "src\AT2Soft.RAGEngine.Infrastructure.Persistence\AT2Soft.RAGEngine.Infrastructure.Persistence.csproj", "{536A07E1-95E4-4EAD-9328-EAD7421CDEA9}"
EndProject
Project("{FAE04EC0-301F-11D3-BF4B-00C04F79EFBC}") = "AT2Soft.RAGEngine.Infrastructure.SQLServer", "src\AT2Soft.RAGEngine.Infrastructure.SQLServer\AT2Soft.RAGEngine.Infrastructure.SQLServer.csproj", "{57791287-7D83-485C-9F58-09CC64D71802}"
EndProject
Project("{FAE04EC0-301F-11D3-BF4B-00C04F79EFBC}") = "AT2Soft.RAGEngine.Application.Abstractions", "src\AT2Soft.RAGEngine.Application.Abstractions\AT2Soft.RAGEngine.Application.Abstractions.csproj", "{76D7CC66-B83A-44DD-BEB2-79620ABDD704}"
EndProject
Project("{FAE04EC0-301F-11D3-BF4B-00C04F79EFBC}") = "AT2soft.PdfTextExtractor", "src\AT2soft.PdfTextExtractor\AT2soft.PdfTextExtractor.csproj", "{47453467-4EAE-4284-BB45-CEB9855F3FFC}"
EndProject
Global
	GlobalSection(SolutionConfigurationPlatforms) = preSolution
		Debug|Any CPU = Debug|Any CPU
		Debug|x64 = Debug|x64
		Debug|x86 = Debug|x86
		Release|Any CPU = Release|Any CPU
		Release|x64 = Release|x64
		Release|x86 = Release|x86
	EndGlobalSection
	GlobalSection(ProjectConfigurationPlatforms) = postSolution
		{BDCBEE5C-C4C2-4408-9132-F53672453451}.Debug|Any CPU.ActiveCfg = Debug|Any CPU
		{BDCBEE5C-C4C2-4408-9132-F53672453451}.Debug|Any CPU.Build.0 = Debug|Any CPU
		{BDCBEE5C-C4C2-4408-9132-F53672453451}.Debug|x64.ActiveCfg = Debug|Any CPU
		{BDCBEE5C-C4C2-4408-9132-F53672453451}.Debug|x64.Build.0 = Debug|Any CPU
		{BDCBEE5C-C4C2-4408-9132-F53672453451}.Debug|x86.ActiveCfg = Debug|Any CPU
		{BDCBEE5C-C4C2-4408-9132-F53672453451}.Debug|x86.Build.0 = Debug|Any CPU
		{BDCBEE5C-C4C2-4408-9132-F53672453451}.Release|Any CPU.ActiveCfg = Release|Any CPU
		{BDCBEE5C-C4C2-4408-9132-F53672453451}.Release|Any CPU.Build.0 = Release|Any CPU
		{BDCBEE5C-C4C2-4408-9132-F53672453451}.Release|x64.ActiveCfg = Release|Any CPU
		{BDCBEE5C-C4C2-4408-9132-F53672453451}.Release|x64.Build.0 = Release|Any CPU
		{BDCBEE5C-C4C2-4408-9132-F53672453451}.Release|x86.ActiveCfg = Release|Any CPU
		{BDCBEE5C-C4C2-4408-9132-F53672453451}.Release|x86.Build.0 = Release|Any CPU
		{7C00EF75-5307-4146-820A-4EDD608CDA45}.Debug|Any CPU.ActiveCfg = Debug|Any CPU
		{7C00EF75-5307-4146-820A-4EDD608CDA45}.Debug|Any CPU.Build.0 = Debug|Any CPU
		{7C00EF75-5307-4146-820A-4EDD608CDA45}.Debug|x64.ActiveCfg = Debug|Any CPU
		{7C00EF75-5307-4146-820A-4EDD608CDA45}.Debug|x64.Build.0 = Debug|Any CPU
		{7C00EF75-5307-4146-820A-4EDD608CDA45}.Debug|x86.ActiveCfg = Debug|Any CPU
		{7C00EF75-5307-4146-820A-4EDD608CDA45}.Debug|x86.Build.0 = Debug|Any CPU
		{7C00EF75-5307-4146-820A-4EDD608CDA45}.Release|Any CPU.ActiveCfg = Release|Any CPU
		{7C00EF75-5307-4146-820A-4EDD608CDA45}.Release|Any CPU.Build.0 = Release|Any CPU
		{7C00EF75-5307-4146-820A-4EDD608CDA45}.Release|x64.ActiveCfg = Release|Any CPU
		{7C00EF75-5307-4146-820A-4EDD608CDA45}.Release|x64.Build.0 = Release|Any CPU
		{7C00EF75-5307-4146-820A-4EDD608CDA45}.Release|x86.ActiveCfg = Release|Any CPU
		{7C00EF75-5307-4146-820A-4EDD608CDA45}.Release|x86.Build.0 = Release|Any CPU
		{0B6718F7-163F-437A-8106-022F996FEB87}.Debug|Any CPU.ActiveCfg = Debug|Any CPU
		{0B6718F7-163F-437A-8106-022F996FEB87}.Debug|Any CPU.Build.0 = Debug|Any CPU
		{0B6718F7-163F-437A-8106-022F996FEB87}.Debug|x64.ActiveCfg = Debug|Any CPU
		{0B6718F7-163F-437A-8106-022F996FEB87}.Debug|x64.Build.0 = Debug|Any CPU
		{0B6718F7-163F-437A-8106-022F996FEB87}.Debug|x86.ActiveCfg = Debug|Any CPU
		{0B6718F7-163F-437A-8106-022F996FEB87}.Debug|x86.Build.0 = Debug|Any CPU
		{0B6718F7-163F-437A-8106-022F996FEB87}.Release|Any CPU.ActiveCfg = Release|Any CPU
		{0B6718F7-163F-437A-8106-022F996FEB87}.Release|Any CPU.Build.0 = Release|Any CPU
		{0B6718F7-163F-437A-8106-022F996FEB87}.Release|x64.ActiveCfg = Release|Any CPU
		{0B6718F7-163F-437A-8106-022F996FEB87}.Release|x64.Build.0 = Release|Any CPU
		{0B6718F7-163F-437A-8106-022F996FEB87}.Release|x86.ActiveCfg = Release|Any CPU
		{0B6718F7-163F-437A-8106-022F996FEB87}.Release|x86.Build.0 = Release|Any CPU
		{ADACB769-9A84-4029-87F7-7E261B2CC0A8}.Debug|Any CPU.ActiveCfg = Debug|Any CPU
		{ADACB769-9A84-4029-87F7-7E261B2CC0A8}.Debug|Any CPU.Build.0 = Debug|Any CPU
		{ADACB769-9A84-4029-87F7-7E261B2CC0A8}.Debug|x64.ActiveCfg = Debug|Any CPU
		{ADACB769-9A84-4029-87F7-7E261B2CC0A8}.Debug|x64.Build.0 = Debug|Any CPU
		{ADACB769-9A84-4029-87F7-7E261B2CC0A8}.Debug|x86.ActiveCfg = Debug|Any CPU
		{ADACB769-9A84-4029-87F7-7E261B2CC0A8}.Debug|x86.Build.0 = Debug|Any CPU
		{ADACB769-9A84-4029-87F7-7E261B2CC0A8}.Release|Any CPU.ActiveCfg = Release|Any CPU
		{ADACB769-9A84-4029-87F7-7E261B2CC0A8}.Release|Any CPU.Build.0 = Release|Any CPU
		{ADACB769-9A84-4029-87F7-7E261B2CC0A8}.Release|x64.ActiveCfg = Release|Any CPU
		{ADACB769-9A84-4029-87F7-7E261B2CC0A8}.Release|x64.Build.0 = Release|Any CPU
		{ADACB769-9A84-4029-87F7-7E261B2CC0A8}.Release|x86.ActiveCfg = Release|Any CPU
		{ADACB769-9A84-4029-87F7-7E261B2CC0A8}.Release|x86.Build.0 = Release|Any CPU
		{2F0D974A-4423-4982-9B45-B3F2E7365408}.Debug|Any CPU.ActiveCfg = Debug|Any CPU
		{2F0D974A-4423-4982-9B45-B3F2E7365408}.Debug|Any CPU.Build.0 = Debug|Any CPU
		{2F0D974A-4423-4982-9B45-B3F2E7365408}.Debug|x64.ActiveCfg = Debug|Any CPU
		{2F0D974A-4423-4982-9B45-B3F2E7365408}.Debug|x64.Build.0 = Debug|Any CPU
		{2F0D974A-4423-4982-9B45-B3F2E7365408}.Debug|x86.ActiveCfg = Debug|Any CPU
		{2F0D974A-4423-4982-9B45-B3F2E7365408}.Debug|x86.Build.0 = Debug|Any CPU
		{2F0D974A-4423-4982-9B45-B3F2E7365408}.Release|Any CPU.ActiveCfg = Release|Any CPU
		{2F0D974A-4423-4982-9B45-B3F2E7365408}.Release|Any CPU.Build.0 = Release|Any CPU
		{2F0D974A-4423-4982-9B45-B3F2E7365408}.Release|x64.ActiveCfg = Release|Any CPU
		{2F0D974A-4423-4982-9B45-B3F2E7365408}.Release|x64.Build.0 = Release|Any CPU
		{2F0D974A-4423-4982-9B45-B3F2E7365408}.Release|x86.ActiveCfg = Release|Any CPU
		{2F0D974A-4423-4982-9B45-B3F2E7365408}.Release|x86.Build.0 = Release|Any CPU
		{536A07E1-95E4-4EAD-9328-EAD7421CDEA9}.Debug|Any CPU.ActiveCfg = Debug|Any CPU
		{536A07E1-95E4-4EAD-9328-EAD7421CDEA9}.Debug|Any CPU.Build.0 = Debug|Any CPU
		{536A07E1-95E4-4EAD-9328-EAD7421CDEA9}.Debug|x64.ActiveCfg = Debug|Any CPU
		{536A07E1-95E4-4EAD-9328-EAD7421CDEA9}.Debug|x64.Build.0 = Debug|Any CPU
		{536A07E1-95E4-4EAD-9328-EAD7421CDEA9}.Debug|x86.ActiveCfg = Debug|Any CPU
		{536A07E1-95E4-4EAD-9328-EAD7421CDEA9}.Debug|x86.Build.0 = Debug|Any CPU
		{536A07E1-95E4-4EAD-9328-EAD7421CDEA9}.Release|Any CPU.ActiveCfg = Release|Any CPU
		{536A07E1-95E4-4EAD-9328-EAD7421CDEA9}.Release|Any CPU.Build.0 = Release|Any CPU
		{536A07E1-95E4-4EAD-9328-EAD7421CDEA9}.Release|x64.ActiveCfg = Release|Any CPU
		{536A07E1-95E4-4EAD-9328-EAD7421CDEA9}.Release|x64.Build.0 = Release|Any CPU
		{536A07E1-95E4-4EAD-9328-EAD7421CDEA9}.Release|x86.ActiveCfg = Release|Any CPU
		{536A07E1-95E4-4EAD-9328-EAD7421CDEA9}.Release|x86.Build.0 = Release|Any CPU
		{57791287-7D83-485C-9F58-09CC64D71802}.Debug|Any CPU.ActiveCfg = Debug|Any CPU
		{57791287-7D83-485C-9F58-09CC64D71802}.Debug|Any CPU.Build.0 = Debug|Any CPU
		{57791287-7D83-485C-9F58-09CC64D71802}.Debug|x64.ActiveCfg = Debug|Any CPU
		{57791287-7D83-485C-9F58-09CC64D71802}.Debug|x64.Build.0 = Debug|Any CPU
		{57791287-7D83-485C-9F58-09CC64D71802}.Debug|x86.ActiveCfg = Debug|Any CPU
		{57791287-7D83-485C-9F58-09CC64D71802}.Debug|x86.Build.0 = Debug|Any CPU
		{57791287-7D83-485C-9F58-09CC64D71802}.Release|Any CPU.ActiveCfg = Release|Any CPU
		{57791287-7D83-485C-9F58-09CC64D71802}.Release|Any CPU.Build.0 = Release|Any CPU
		{57791287-7D83-485C-9F58-09CC64D71802}.Release|x64.ActiveCfg = Release|Any CPU
		{57791287-7D83-485C-9F58-09CC64D71802}.Release|x64.Build.0 = Release|Any CPU
		{57791287-7D83-485C-9F58-09CC64D71802}.Release|x86.ActiveCfg = Release|Any CPU
		{57791287-7D83-485C-9F58-09CC64D71802}.Release|x86.Build.0 = Release|Any CPU
		{76D7CC66-B83A-44DD-BEB2-79620ABDD704}.Debug|Any CPU.ActiveCfg = Debug|Any CPU
		{76D7CC66-B83A-44DD-BEB2-79620ABDD704}.Debug|Any CPU.Build.0 = Debug|Any CPU
		{76D7CC66-B83A-44DD-BEB2-79620ABDD704}.Debug|x64.ActiveCfg = Debug|Any CPU
		{76D7CC66-B83A-44DD-BEB2-79620ABDD704}.Debug|x64.Build.0 = Debug|Any CPU
		{76D7CC66-B83A-44DD-BEB2-79620ABDD704}.Debug|x86.ActiveCfg = Debug|Any CPU
		{76D7CC66-B83A-44DD-BEB2-79620ABDD704}.Debug|x86.Build.0 = Debug|Any CPU
		{76D7CC66-B83A-44DD-BEB2-79620ABDD704}.Release|Any CPU.ActiveCfg = Release|Any CPU
		{76D7CC66-B83A-44DD-BEB2-79620ABDD704}.Release|Any CPU.Build.0 = Release|Any CPU
		{76D7CC66-B83A-44DD-BEB2-79620ABDD704}.Release|x64.ActiveCfg = Release|Any CPU
		{76D7CC66-B83A-44DD-BEB2-79620ABDD704}.Release|x64.Build.0 = Release|Any CPU
		{76D7CC66-B83A-44DD-BEB2-79620ABDD704}.Release|x86.ActiveCfg = Release|Any CPU
		{76D7CC66-B83A-44DD-BEB2-79620ABDD704}.Release|x86.Build.0 = Release|Any CPU
		{47453467-4EAE-4284-BB45-CEB9855F3FFC}.Debug|Any CPU.ActiveCfg = Debug|Any CPU
		{47453467-4EAE-4284-BB45-CEB9855F3FFC}.Debug|Any CPU.Build.0 = Debug|Any CPU
		{47453467-4EAE-4284-BB45-CEB9855F3FFC}.Debug|x64.ActiveCfg = Debug|Any CPU
		{47453467-4EAE-4284-BB45-CEB9855F3FFC}.Debug|x64.Build.0 = Debug|Any CPU
		{47453467-4EAE-4284-BB45-CEB9855F3FFC}.Debug|x86.ActiveCfg = Debug|Any CPU
		{47453467-4EAE-4284-BB45-CEB9855F3FFC}.Debug|x86.Build.0 = Debug|Any CPU
		{47453467-4EAE-4284-BB45-CEB9855F3FFC}.Release|Any CPU.ActiveCfg = Release|Any CPU
		{47453467-4EAE-4284-BB45-CEB9855F3FFC}.Release|Any CPU.Build.0 = Release|Any CPU
		{47453467-4EAE-4284-BB45-CEB9855F3FFC}.Release|x64.ActiveCfg = Release|Any CPU
		{47453467-4EAE-4284-BB45-CEB9855F3FFC}.Release|x64.Build.0 = Release|Any CPU
		{47453467-4EAE-4284-BB45-CEB9855F3FFC}.Release|x86.ActiveCfg = Release|Any CPU
		{47453467-4EAE-4284-BB45-CEB9855F3FFC}.Release|x86.Build.0 = Release|Any CPU
	EndGlobalSection
	GlobalSection(SolutionProperties) = preSolution
		HideSolutionNode = FALSE
	EndGlobalSection
	GlobalSection(NestedProjects) = preSolution
		{BDCBEE5C-C4C2-4408-9132-F53672453451} = {827E0CD3-B72D-47B6-A68D-7590B98EB39B}
		{7C00EF75-5307-4146-820A-4EDD608CDA45} = {827E0CD3-B72D-47B6-A68D-7590B98EB39B}
		{0B6718F7-163F-437A-8106-022F996FEB87} = {827E0CD3-B72D-47B6-A68D-7590B98EB39B}
		{ADACB769-9A84-4029-87F7-7E261B2CC0A8} = {827E0CD3-B72D-47B6-A68D-7590B98EB39B}
		{2F0D974A-4423-4982-9B45-B3F2E7365408} = {827E0CD3-B72D-47B6-A68D-7590B98EB39B}
		{536A07E1-95E4-4EAD-9328-EAD7421CDEA9} = {827E0CD3-B72D-47B6-A68D-7590B98EB39B}
		{57791287-7D83-485C-9F58-09CC64D71802} = {827E0CD3-B72D-47B6-A68D-7590B98EB39B}
		{76D7CC66-B83A-44DD-BEB2-79620ABDD704} = {827E0CD3-B72D-47B6-A68D-7590B98EB39B}
		{47453467-4EAE-4284-BB45-CEB9855F3FFC} = {827E0CD3-B72D-47B6-A68D-7590B98EB39B}
	EndGlobalSection
EndGlobal
